
Microsoft Visual Studio Solution File, Format Version 12.00
# Visual Studio Version 16
VisualStudioVersion = 16.0.33027.164
MinimumVisualStudioVersion = 10.0.40219.1
Project("{FAE04EC0-301F-11D3-BF4B-00C04F79EFBC}") = "BasicCS", "BasicCS\BasicCS.csproj", "{210AE7A2-89D1-4D4A-898D-FD20AB0BDF44}"
EndProject
Project("{FAE04EC0-301F-11D3-BF4B-00C04F79EFBC}") = "3_CS_Basic", "3_CS_Basic\3_CS_Basic.csproj", "{8159737B-F85F-45DA-BFF5-99FAA88E80B7}"
EndProject
Project("{FAE04EC0-301F-11D3-BF4B-00C04F79EFBC}") = "3_CS_Basic(2)", "3_CS_Basic(2)\3_CS_Basic(2).csproj", "{7605DE62-961D-49BE-B01B-CBF516004C63}"
EndProject
Project("{FAE04EC0-301F-11D3-BF4B-00C04F79EFBC}") = "CS_Basic(3)", "CS_Basic(3)\CS_Basic(3).csproj", "{AE5A8E76-3E84-449F-A440-06E40CE4B50F}"
EndProject
Project("{FAE04EC0-301F-11D3-BF4B-00C04F79EFBC}") = "CS_Obj", "CS_Obj\CS_Obj.csproj", "{C004D0C9-FEF2-4D8C-A305-DB9DC2AE4CF0}"
EndProject
Project("{FAE04EC0-301F-11D3-BF4B-00C04F79EFBC}") = "CS_Obj(2)", "CS_Obj(2)\CS_Obj(2).csproj", "{3752F438-BB1E-406E-A224-C4DABFC39B4F}"
EndProject
Project("{FAE04EC0-301F-11D3-BF4B-00C04F79EFBC}") = "CS_Obj(3)", "CS_Obj(3)\CS_Obj(3).csproj", "{CB50CDC0-5488-48FF-BCA9-B59772B4869E}"
EndProject
Project("{FAE04EC0-301F-11D3-BF4B-00C04F79EFBC}") = "CS_Obj(4)", "CS_Obj(4)\CS_Obj(4).csproj", "{6D6E0B85-F07B-4D0B-9E14-B2C3AA42377A}"
EndProject
Project("{FAE04EC0-301F-11D3-BF4B-00C04F79EFBC}") = "CS_Obj(5)", "CS_Obj(5)\CS_Obj(5).csproj", "{02D0CC93-1379-47B9-A0E6-E59AA878C35A}"
EndProject
Project("{FAE04EC0-301F-11D3-BF4B-00C04F79EFBC}") = "CS_Obj(6)", "CS_Obj(6)\CS_Obj(6).csproj", "{3D49988E-3794-48E3-9881-E021EC927E7B}"
EndProject
Project("{FAE04EC0-301F-11D3-BF4B-00C04F79EFBC}") = "CS_Obj(7)", "CS_Obj(7)\CS_Obj(7).csproj", "{97730F02-D5AE-4EDA-9026-7AAB8C2D2342}"
EndProject
Project("{FAE04EC0-301F-11D3-BF4B-00C04F79EFBC}") = "CS_Obj(8)", "CS_Obj(8)\CS_Obj(8).csproj", "{E19AF5B4-635E-48AB-B5A2-FCC9C165E20E}"
EndProject
Project("{FAE04EC0-301F-11D3-BF4B-00C04F79EFBC}") = "CS_Obj(9)", "CS_Obj(9)\CS_Obj(9).csproj", "{86634D81-BA38-4A4D-8A6F-EE08E891B5B5}"
EndProject
Project("{FAE04EC0-301F-11D3-BF4B-00C04F79EFBC}") = "CS_Obj(10)", "CS_Obj(10)\CS_Obj(10).csproj", "{CA222C1F-2EA0-4246-AB4B-06E1C2FA7EFE}"
EndProject
Project("{FAE04EC0-301F-11D3-BF4B-00C04F79EFBC}") = "CS_Obj(11)", "CS_Obj(11)\CS_Obj(11).csproj", "{89F6DAF6-4E0D-4B90-B6DA-A428AFBEED85}"
EndProject
Project("{FAE04EC0-301F-11D3-BF4B-00C04F79EFBC}") = "CS_Obj(12)", "CS_Obj(12)\CS_Obj(12).csproj", "{8D4AC464-E642-4E44-BE20-2BF3D3594104}"
EndProject
Project("{FAE04EC0-301F-11D3-BF4B-00C04F79EFBC}") = "CS_Obj(13)", "CS_Obj(13)\CS_Obj(13).csproj", "{7129BD29-015F-4B11-90D1-2187A20DEE42}"
EndProject
Project("{FAE04EC0-301F-11D3-BF4B-00C04F79EFBC}") = "CS_Obj(14)", "CS_Obj(14)\CS_Obj(14).csproj", "{5C7D336D-9530-48AA-AB79-EE698B7304BB}"
EndProject
Project("{FAE04EC0-301F-11D3-BF4B-00C04F79EFBC}") = "CS_Obj(15)", "CS_Obj(15)\CS_Obj(15).csproj", "{AD3E21D0-DC7B-4A4B-93B9-CC9E7B95387B}"
EndProject
Project("{FAE04EC0-301F-11D3-BF4B-00C04F79EFBC}") = "CS_Obj(16)", "CS_Obj(16)\CS_Obj(16).csproj", "{99511B61-9898-43CA-8220-F85B5B38057C}"
EndProject
Project("{FAE04EC0-301F-11D3-BF4B-00C04F79EFBC}") = "CS_Obj(17)", "CS_Obj(17)\CS_Obj(17).csproj", "{B71FE546-8927-42BC-93B8-72A1166F1BC8}"
EndProject
Project("{FAE04EC0-301F-11D3-BF4B-00C04F79EFBC}") = "CS+Obj(18)", "CS+Obj(18)\CS+Obj(18).csproj", "{9A34A722-49D3-4D13-8C26-4BD2F4BB41DE}"
EndProject
Project("{FAE04EC0-301F-11D3-BF4B-00C04F79EFBC}") = "CS_Obj(18)", "CS_Obj(18)\CS_Obj(18).csproj", "{80C9DF0A-5FE5-4ACD-B259-6472D149B665}"
EndProject
Global
	GlobalSection(SolutionConfigurationPlatforms) = preSolution
		Debug|Any CPU = Debug|Any CPU
		Release|Any CPU = Release|Any CPU
	EndGlobalSection
	GlobalSection(ProjectConfigurationPlatforms) = postSolution
		{210AE7A2-89D1-4D4A-898D-FD20AB0BDF44}.Debug|Any CPU.ActiveCfg = Debug|Any CPU
		{210AE7A2-89D1-4D4A-898D-FD20AB0BDF44}.Debug|Any CPU.Build.0 = Debug|Any CPU
		{210AE7A2-89D1-4D4A-898D-FD20AB0BDF44}.Release|Any CPU.ActiveCfg = Release|Any CPU
		{210AE7A2-89D1-4D4A-898D-FD20AB0BDF44}.Release|Any CPU.Build.0 = Release|Any CPU
		{8159737B-F85F-45DA-BFF5-99FAA88E80B7}.Debug|Any CPU.ActiveCfg = Debug|Any CPU
		{8159737B-F85F-45DA-BFF5-99FAA88E80B7}.Debug|Any CPU.Build.0 = Debug|Any CPU
		{8159737B-F85F-45DA-BFF5-99FAA88E80B7}.Release|Any CPU.ActiveCfg = Release|Any CPU
		{8159737B-F85F-45DA-BFF5-99FAA88E80B7}.Release|Any CPU.Build.0 = Release|Any CPU
		{7605DE62-961D-49BE-B01B-CBF516004C63}.Debug|Any CPU.ActiveCfg = Debug|Any CPU
		{7605DE62-961D-49BE-B01B-CBF516004C63}.Debug|Any CPU.Build.0 = Debug|Any CPU
		{7605DE62-961D-49BE-B01B-CBF516004C63}.Release|Any CPU.ActiveCfg = Release|Any CPU
		{7605DE62-961D-49BE-B01B-CBF516004C63}.Release|Any CPU.Build.0 = Release|Any CPU
		{AE5A8E76-3E84-449F-A440-06E40CE4B50F}.Debug|Any CPU.ActiveCfg = Debug|Any CPU
		{AE5A8E76-3E84-449F-A440-06E40CE4B50F}.Debug|Any CPU.Build.0 = Debug|Any CPU
		{AE5A8E76-3E84-449F-A440-06E40CE4B50F}.Release|Any CPU.ActiveCfg = Release|Any CPU
		{AE5A8E76-3E84-449F-A440-06E40CE4B50F}.Release|Any CPU.Build.0 = Release|Any CPU
		{C004D0C9-FEF2-4D8C-A305-DB9DC2AE4CF0}.Debug|Any CPU.ActiveCfg = Debug|Any CPU
		{C004D0C9-FEF2-4D8C-A305-DB9DC2AE4CF0}.Debug|Any CPU.Build.0 = Debug|Any CPU
		{C004D0C9-FEF2-4D8C-A305-DB9DC2AE4CF0}.Release|Any CPU.ActiveCfg = Release|Any CPU
		{C004D0C9-FEF2-4D8C-A305-DB9DC2AE4CF0}.Release|Any CPU.Build.0 = Release|Any CPU
		{3752F438-BB1E-406E-A224-C4DABFC39B4F}.Debug|Any CPU.ActiveCfg = Debug|Any CPU
		{3752F438-BB1E-406E-A224-C4DABFC39B4F}.Debug|Any CPU.Build.0 = Debug|Any CPU
		{3752F438-BB1E-406E-A224-C4DABFC39B4F}.Release|Any CPU.ActiveCfg = Release|Any CPU
		{3752F438-BB1E-406E-A224-C4DABFC39B4F}.Release|Any CPU.Build.0 = Release|Any CPU
		{CB50CDC0-5488-48FF-BCA9-B59772B4869E}.Debug|Any CPU.ActiveCfg = Debug|Any CPU
		{CB50CDC0-5488-48FF-BCA9-B59772B4869E}.Debug|Any CPU.Build.0 = Debug|Any CPU
		{CB50CDC0-5488-48FF-BCA9-B59772B4869E}.Release|Any CPU.ActiveCfg = Release|Any CPU
		{CB50CDC0-5488-48FF-BCA9-B59772B4869E}.Release|Any CPU.Build.0 = Release|Any CPU
		{6D6E0B85-F07B-4D0B-9E14-B2C3AA42377A}.Debug|Any CPU.ActiveCfg = Debug|Any CPU
		{6D6E0B85-F07B-4D0B-9E14-B2C3AA42377A}.Debug|Any CPU.Build.0 = Debug|Any CPU
		{6D6E0B85-F07B-4D0B-9E14-B2C3AA42377A}.Release|Any CPU.ActiveCfg = Release|Any CPU
		{6D6E0B85-F07B-4D0B-9E14-B2C3AA42377A}.Release|Any CPU.Build.0 = Release|Any CPU
		{02D0CC93-1379-47B9-A0E6-E59AA878C35A}.Debug|Any CPU.ActiveCfg = Debug|Any CPU
		{02D0CC93-1379-47B9-A0E6-E59AA878C35A}.Debug|Any CPU.Build.0 = Debug|Any CPU
		{02D0CC93-1379-47B9-A0E6-E59AA878C35A}.Release|Any CPU.ActiveCfg = Release|Any CPU
		{02D0CC93-1379-47B9-A0E6-E59AA878C35A}.Release|Any CPU.Build.0 = Release|Any CPU
		{3D49988E-3794-48E3-9881-E021EC927E7B}.Debug|Any CPU.ActiveCfg = Debug|Any CPU
		{3D49988E-3794-48E3-9881-E021EC927E7B}.Debug|Any CPU.Build.0 = Debug|Any CPU
		{3D49988E-3794-48E3-9881-E021EC927E7B}.Release|Any CPU.ActiveCfg = Release|Any CPU
		{3D49988E-3794-48E3-9881-E021EC927E7B}.Release|Any CPU.Build.0 = Release|Any CPU
		{97730F02-D5AE-4EDA-9026-7AAB8C2D2342}.Debug|Any CPU.ActiveCfg = Debug|Any CPU
		{97730F02-D5AE-4EDA-9026-7AAB8C2D2342}.Debug|Any CPU.Build.0 = Debug|Any CPU
		{97730F02-D5AE-4EDA-9026-7AAB8C2D2342}.Release|Any CPU.ActiveCfg = Release|Any CPU
		{97730F02-D5AE-4EDA-9026-7AAB8C2D2342}.Release|Any CPU.Build.0 = Release|Any CPU
		{E19AF5B4-635E-48AB-B5A2-FCC9C165E20E}.Debug|Any CPU.ActiveCfg = Debug|Any CPU
		{E19AF5B4-635E-48AB-B5A2-FCC9C165E20E}.Debug|Any CPU.Build.0 = Debug|Any CPU
		{E19AF5B4-635E-48AB-B5A2-FCC9C165E20E}.Release|Any CPU.ActiveCfg = Release|Any CPU
		{E19AF5B4-635E-48AB-B5A2-FCC9C165E20E}.Release|Any CPU.Build.0 = Release|Any CPU
		{86634D81-BA38-4A4D-8A6F-EE08E891B5B5}.Debug|Any CPU.ActiveCfg = Debug|Any CPU
		{86634D81-BA38-4A4D-8A6F-EE08E891B5B5}.Debug|Any CPU.Build.0 = Debug|Any CPU
		{86634D81-BA38-4A4D-8A6F-EE08E891B5B5}.Release|Any CPU.ActiveCfg = Release|Any CPU
		{86634D81-BA38-4A4D-8A6F-EE08E891B5B5}.Release|Any CPU.Build.0 = Release|Any CPU
		{CA222C1F-2EA0-4246-AB4B-06E1C2FA7EFE}.Debug|Any CPU.ActiveCfg = Debug|Any CPU
		{CA222C1F-2EA0-4246-AB4B-06E1C2FA7EFE}.Debug|Any CPU.Build.0 = Debug|Any CPU
		{CA222C1F-2EA0-4246-AB4B-06E1C2FA7EFE}.Release|Any CPU.ActiveCfg = Release|Any CPU
		{CA222C1F-2EA0-4246-AB4B-06E1C2FA7EFE}.Release|Any CPU.Build.0 = Release|Any CPU
		{89F6DAF6-4E0D-4B90-B6DA-A428AFBEED85}.Debug|Any CPU.ActiveCfg = Debug|Any CPU
		{89F6DAF6-4E0D-4B90-B6DA-A428AFBEED85}.Debug|Any CPU.Build.0 = Debug|Any CPU
		{89F6DAF6-4E0D-4B90-B6DA-A428AFBEED85}.Release|Any CPU.ActiveCfg = Release|Any CPU
		{89F6DAF6-4E0D-4B90-B6DA-A428AFBEED85}.Release|Any CPU.Build.0 = Release|Any CPU
		{8D4AC464-E642-4E44-BE20-2BF3D3594104}.Debug|Any CPU.ActiveCfg = Debug|Any CPU
		{8D4AC464-E642-4E44-BE20-2BF3D3594104}.Debug|Any CPU.Build.0 = Debug|Any CPU
		{8D4AC464-E642-4E44-BE20-2BF3D3594104}.Release|Any CPU.ActiveCfg = Release|Any CPU
		{8D4AC464-E642-4E44-BE20-2BF3D3594104}.Release|Any CPU.Build.0 = Release|Any CPU
		{7129BD29-015F-4B11-90D1-2187A20DEE42}.Debug|Any CPU.ActiveCfg = Debug|Any CPU
		{7129BD29-015F-4B11-90D1-2187A20DEE42}.Debug|Any CPU.Build.0 = Debug|Any CPU
		{7129BD29-015F-4B11-90D1-2187A20DEE42}.Release|Any CPU.ActiveCfg = Release|Any CPU
		{7129BD29-015F-4B11-90D1-2187A20DEE42}.Release|Any CPU.Build.0 = Release|Any CPU
		{5C7D336D-9530-48AA-AB79-EE698B7304BB}.Debug|Any CPU.ActiveCfg = Debug|Any CPU
		{5C7D336D-9530-48AA-AB79-EE698B7304BB}.Debug|Any CPU.Build.0 = Debug|Any CPU
		{5C7D336D-9530-48AA-AB79-EE698B7304BB}.Release|Any CPU.ActiveCfg = Release|Any CPU
		{5C7D336D-9530-48AA-AB79-EE698B7304BB}.Release|Any CPU.Build.0 = Release|Any CPU
		{AD3E21D0-DC7B-4A4B-93B9-CC9E7B95387B}.Debug|Any CPU.ActiveCfg = Debug|Any CPU
		{AD3E21D0-DC7B-4A4B-93B9-CC9E7B95387B}.Debug|Any CPU.Build.0 = Debug|Any CPU
		{AD3E21D0-DC7B-4A4B-93B9-CC9E7B95387B}.Release|Any CPU.ActiveCfg = Release|Any CPU
		{AD3E21D0-DC7B-4A4B-93B9-CC9E7B95387B}.Release|Any CPU.Build.0 = Release|Any CPU
		{99511B61-9898-43CA-8220-F85B5B38057C}.Debug|Any CPU.ActiveCfg = Debug|Any CPU
		{99511B61-9898-43CA-8220-F85B5B38057C}.Debug|Any CPU.Build.0 = Debug|Any CPU
		{99511B61-9898-43CA-8220-F85B5B38057C}.Release|Any CPU.ActiveCfg = Release|Any CPU
		{99511B61-9898-43CA-8220-F85B5B38057C}.Release|Any CPU.Build.0 = Release|Any CPU
		{B71FE546-8927-42BC-93B8-72A1166F1BC8}.Debug|Any CPU.ActiveCfg = Debug|Any CPU
		{B71FE546-8927-42BC-93B8-72A1166F1BC8}.Debug|Any CPU.Build.0 = Debug|Any CPU
		{B71FE546-8927-42BC-93B8-72A1166F1BC8}.Release|Any CPU.ActiveCfg = Release|Any CPU
		{B71FE546-8927-42BC-93B8-72A1166F1BC8}.Release|Any CPU.Build.0 = Release|Any CPU
		{9A34A722-49D3-4D13-8C26-4BD2F4BB41DE}.Debug|Any CPU.ActiveCfg = Debug|Any CPU
		{9A34A722-49D3-4D13-8C26-4BD2F4BB41DE}.Debug|Any CPU.Build.0 = Debug|Any CPU
		{9A34A722-49D3-4D13-8C26-4BD2F4BB41DE}.Release|Any CPU.ActiveCfg = Release|Any CPU
		{9A34A722-49D3-4D13-8C26-4BD2F4BB41DE}.Release|Any CPU.Build.0 = Release|Any CPU
		{80C9DF0A-5FE5-4ACD-B259-6472D149B665}.Debug|Any CPU.ActiveCfg = Debug|Any CPU
		{80C9DF0A-5FE5-4ACD-B259-6472D149B665}.Debug|Any CPU.Build.0 = Debug|Any CPU
		{80C9DF0A-5FE5-4ACD-B259-6472D149B665}.Release|Any CPU.ActiveCfg = Release|Any CPU
		{80C9DF0A-5FE5-4ACD-B259-6472D149B665}.Release|Any CPU.Build.0 = Release|Any CPU
	EndGlobalSection
	GlobalSection(SolutionProperties) = preSolution
		HideSolutionNode = FALSE
	EndGlobalSection
	GlobalSection(ExtensibilityGlobals) = postSolution
		SolutionGuid = {87973006-2374-4002-82DA-2D320F696BDB}
	EndGlobalSection
EndGlobal
